Microsoft Visual Studio Solution File, Format Version 12.00
# Visual Studio Version 17
VisualStudioVersion = 17.5.2.0
MinimumVisualStudioVersion = 10.0.40219.1
Project("{FAE04EC0-301F-11D3-BF4B-00C04F79EFBC}") = "Labb_2_SQL", "Labb_2_SQL.csproj", "{198475B0-9C6E-46CD-2436-E47D4CFE1330}"
EndProject
Global
	GlobalSection(SolutionConfigurationPlatforms) = preSolution
		Debug|Any CPU = Debug|Any CPU
		Release|Any CPU = Release|Any CPU
	EndGlobalSection
	GlobalSection(ProjectConfigurationPlatforms) = postSolution
		{198475B0-9C6E-46CD-2436-E47D4CFE1330}.Debug|Any CPU.ActiveCfg = Debug|Any CPU
		{198475B0-9C6E-46CD-2436-E47D4CFE1330}.Debug|Any CPU.Build.0 = Debug|Any CPU
		{198475B0-9C6E-46CD-2436-E47D4CFE1330}.Release|Any CPU.ActiveCfg = Release|Any CPU
		{198475B0-9C6E-46CD-2436-E47D4CFE1330}.Release|Any CPU.Build.0 = Release|Any CPU
	EndGlobalSection
	GlobalSection(SolutionProperties) = preSolution
		HideSolutionNode = FALSE
	EndGlobalSection
	GlobalSection(ExtensibilityGlobals) = postSolution
		SolutionGuid = {65011B1A-89AD-43AB-8777-69A43236D30B}
	EndGlobalSection
EndGlobal
