Microsoft Visual Studio Solution File, Format Version 12.00
# Visual Studio Version 17
VisualStudioVersion = 17.5.2.0
MinimumVisualStudioVersion = 10.0.40219.1
Project("{FAE04EC0-301F-11D3-BF4B-00C04F79EFBC}") = "Labb-2-SQL-Server-Managment-Application", "Labb-2-SQL-Server-Managment-Application.csproj", "{9CCD315A-B3E8-41D6-B161-04B8C9EE1D34}"
EndProject
Global
	GlobalSection(SolutionConfigurationPlatforms) = preSolution
		Debug|Any CPU = Debug|Any CPU
		Release|Any CPU = Release|Any CPU
	EndGlobalSection
	GlobalSection(ProjectConfigurationPlatforms) = postSolution
		{9CCD315A-B3E8-41D6-B161-04B8C9EE1D34}.Debug|Any CPU.ActiveCfg = Debug|Any CPU
		{9CCD315A-B3E8-41D6-B161-04B8C9EE1D34}.Debug|Any CPU.Build.0 = Debug|Any CPU
		{9CCD315A-B3E8-41D6-B161-04B8C9EE1D34}.Release|Any CPU.ActiveCfg = Release|Any CPU
		{9CCD315A-B3E8-41D6-B161-04B8C9EE1D34}.Release|Any CPU.Build.0 = Release|Any CPU
	EndGlobalSection
	GlobalSection(SolutionProperties) = preSolution
		HideSolutionNode = FALSE
	EndGlobalSection
	GlobalSection(ExtensibilityGlobals) = postSolution
		SolutionGuid = {AD189BB8-C48E-4EA6-9AD1-D661EEBBC951}
	EndGlobalSection
EndGlobal
